// !$*UTF8*$!
{
	archiveVersion = 1;
	classes = {
	};
	objectVersion = 46;
	objects = {

/* Begin PBXBuildFile section */
		4F3B939B1CFE1E4F000C1126 /* SensorController.swift in Sources */ = {isa = PBXBuildFile; fileRef = 4F3B939A1CFE1E4F000C1126 /* SensorController.swift */; };
		4F51D7151CD122CF006FC08C /* Alamofire.framework in Frameworks */ = {isa = PBXBuildFile; fileRef = 4F51D7141CD122CF006FC08C /* Alamofire.framework */; };
		4F51D7161CD122CF006FC08C /* Alamofire.framework in Embed Frameworks */ = {isa = PBXBuildFile; fileRef = 4F51D7141CD122CF006FC08C /* Alamofire.framework */; settings = {ATTRIBUTES = (CodeSignOnCopy, RemoveHeadersOnCopy, ); }; };
		4F7567131CF4D39D0087F7B3 /* CocoaAsyncSocket.framework in Frameworks */ = {isa = PBXBuildFile; fileRef = 4F7567101CF4D39D0087F7B3 /* CocoaAsyncSocket.framework */; };
		4F7567141CF4D39D0087F7B3 /* CocoaMQTT.framework in Frameworks */ = {isa = PBXBuildFile; fileRef = 4F7567111CF4D39D0087F7B3 /* CocoaMQTT.framework */; };
		4F7567151CF4D39D0087F7B3 /* MSWeakTimer.framework in Frameworks */ = {isa = PBXBuildFile; fileRef = 4F7567121CF4D39D0087F7B3 /* MSWeakTimer.framework */; };
		4F7567181CF4D81A0087F7B3 /* CocoaAsyncSocket.framework in Embed Frameworks */ = {isa = PBXBuildFile; fileRef = 4F7567101CF4D39D0087F7B3 /* CocoaAsyncSocket.framework */; settings = {ATTRIBUTES = (CodeSignOnCopy, RemoveHeadersOnCopy, ); }; };
		4F75671A1CF4D81A0087F7B3 /* CocoaMQTT.framework in Embed Frameworks */ = {isa = PBXBuildFile; fileRef = 4F7567111CF4D39D0087F7B3 /* CocoaMQTT.framework */; settings = {ATTRIBUTES = (CodeSignOnCopy, RemoveHeadersOnCopy, ); }; };
		4F75671C1CF4D81A0087F7B3 /* MSWeakTimer.framework in Embed Frameworks */ = {isa = PBXBuildFile; fileRef = 4F7567121CF4D39D0087F7B3 /* MSWeakTimer.framework */; settings = {ATTRIBUTES = (CodeSignOnCopy, RemoveHeadersOnCopy, ); }; };
		4F84D6651CCFEB3E001B982A /* AppDelegate.swift in Sources */ = {isa = PBXBuildFile; fileRef = 4F84D6641CCFEB3E001B982A /* AppDelegate.swift */; };
		4F84D6671CCFEB3E001B982A /* SensorListController.swift in Sources */ = {isa = PBXBuildFile; fileRef = 4F84D6661CCFEB3E001B982A /* SensorListController.swift */; };
		4F84D66A1CCFEB3E001B982A /* Main.storyboard in Resources */ = {isa = PBXBuildFile; fileRef = 4F84D6681CCFEB3E001B982A /* Main.storyboard */; };
		4F84D66C1CCFEB3E001B982A /* Assets.xcassets in Resources */ = {isa = PBXBuildFile; fileRef = 4F84D66B1CCFEB3E001B982A /* Assets.xcassets */; };
		4F84D66F1CCFEB3E001B982A /* LaunchScreen.storyboard in Resources */ = {isa = PBXBuildFile; fileRef = 4F84D66D1CCFEB3E001B982A /* LaunchScreen.storyboard */; };
		4F84D67A1CCFEB3E001B982A /* treshappTests.swift in Sources */ = {isa = PBXBuildFile; fileRef = 4F84D6791CCFEB3E001B982A /* treshappTests.swift */; };
		4F84D6851CCFEB3E001B982A /* treshappUITests.swift in Sources */ = {isa = PBXBuildFile; fileRef = 4F84D6841CCFEB3E001B982A /* treshappUITests.swift */; };
/* End PBXBuildFile section */

/* Begin PBXContainerItemProxy section */
		4F84D6761CCFEB3E001B982A /* PBXContainerItemProxy */ = {
			isa = PBXContainerItemProxy;
			containerPortal = 4F84D6591CCFEB3E001B982A /* Project object */;
			proxyType = 1;
			remoteGlobalIDString = 4F84D6601CCFEB3E001B982A;
			remoteInfo = treshapp;
		};
		4F84D6811CCFEB3E001B982A /* PBXContainerItemProxy */ = {
			isa = PBXContainerItemProxy;
			containerPortal = 4F84D6591CCFEB3E001B982A /* Project object */;
			proxyType = 1;
			remoteGlobalIDString = 4F84D6601CCFEB3E001B982A;
			remoteInfo = treshapp;
		};
/* End PBXContainerItemProxy section */

/* Begin PBXCopyFilesBuildPhase section */
		4F84D6991CCFF49E001B982A /* Embed Frameworks */ = {
			isa = PBXCopyFilesBuildPhase;
			buildActionMask = 2147483647;
			dstPath = "";
			dstSubfolderSpec = 10;
			files = (
				4F7567181CF4D81A0087F7B3 /* CocoaAsyncSocket.framework in Embed Frameworks */,
				4F51D7161CD122CF006FC08C /* Alamofire.framework in Embed Frameworks */,
				4F75671C1CF4D81A0087F7B3 /* MSWeakTimer.framework in Embed Frameworks */,
				4F75671A1CF4D81A0087F7B3 /* CocoaMQTT.framework in Embed Frameworks */,
			);
			name = "Embed Frameworks";
			runOnlyForDeploymentPostprocessing = 0;
		};
/* End PBXCopyFilesBuildPhase section */

/* Begin PBXFileReference section */
		4F3B939A1CFE1E4F000C1126 /* SensorController.swift */ = {isa = PBXFileReference; fileEncoding = 4; lastKnownFileType = sourcecode.swift; path = SensorController.swift; sourceTree = "<group>"; };
		4F51D7141CD122CF006FC08C /* Alamofire.framework */ = {isa = PBXFileReference; lastKnownFileType = wrapper.framework; name = Alamofire.framework; path = Carthage/Build/iOS/Alamofire.framework; sourceTree = "<group>"; };
		4F7567101CF4D39D0087F7B3 /* CocoaAsyncSocket.framework */ = {isa = PBXFileReference; lastKnownFileType = wrapper.framework; name = CocoaAsyncSocket.framework; path = Carthage/Build/iOS/CocoaAsyncSocket.framework; sourceTree = "<group>"; };
		4F7567111CF4D39D0087F7B3 /* CocoaMQTT.framework */ = {isa = PBXFileReference; lastKnownFileType = wrapper.framework; name = CocoaMQTT.framework; path = Carthage/Build/iOS/CocoaMQTT.framework; sourceTree = "<group>"; };
		4F7567121CF4D39D0087F7B3 /* MSWeakTimer.framework */ = {isa = PBXFileReference; lastKnownFileType = wrapper.framework; name = MSWeakTimer.framework; path = Carthage/Build/iOS/MSWeakTimer.framework; sourceTree = "<group>"; };
		4F84D6611CCFEB3E001B982A /* treshapp.app */ = {isa = PBXFileReference; explicitFileType = wrapper.application; includeInIndex = 0; path = treshapp.app; sourceTree = BUILT_PRODUCTS_DIR; };
		4F84D6641CCFEB3E001B982A /* AppDelegate.swift */ = {isa = PBXFileReference; lastKnownFileType = sourcecode.swift; path = AppDelegate.swift; sourceTree = "<group>"; };
		4F84D6661CCFEB3E001B982A /* SensorListController.swift */ = {isa = PBXFileReference; lastKnownFileType = sourcecode.swift; path = SensorListController.swift; sourceTree = "<group>"; };
		4F84D6691CCFEB3E001B982A /* Base */ = {isa = PBXFileReference; lastKnownFileType = file.storyboard; name = Base; path = Base.lproj/Main.storyboard; sourceTree = "<group>"; };
		4F84D66B1CCFEB3E001B982A /* Assets.xcassets */ = {isa = PBXFileReference; lastKnownFileType = folder.assetcatalog; path = Assets.xcassets; sourceTree = "<group>"; };
		4F84D66E1CCFEB3E001B982A /* Base */ = {isa = PBXFileReference; lastKnownFileType = file.storyboard; name = Base; path = Base.lproj/LaunchScreen.storyboard; sourceTree = "<group>"; };
		4F84D6701CCFEB3E001B982A /* Info.plist */ = {isa = PBXFileReference; lastKnownFileType = text.plist.xml; path = Info.plist; sourceTree = "<group>"; };
		4F84D6751CCFEB3E001B982A /* treshappTests.xctest */ = {isa = PBXFileReference; explicitFileType = wrapper.cfbundle; includeInIndex = 0; path = treshappTests.xctest; sourceTree = BUILT_PRODUCTS_DIR; };
		4F84D6791CCFEB3E001B982A /* treshappTests.swift */ = {isa = PBXFileReference; lastKnownFileType = sourcecode.swift; path = treshappTests.swift; sourceTree = "<group>"; };
		4F84D67B1CCFEB3E001B982A /* Info.plist */ = {isa = PBXFileReference; lastKnownFileType = text.plist.xml; path = Info.plist; sourceTree = "<group>"; };
		4F84D6801CCFEB3E001B982A /* treshappUITests.xctest */ = {isa = PBXFileReference; explicitFileType = wrapper.cfbundle; includeInIndex = 0; path = treshappUITests.xctest; sourceTree = BUILT_PRODUCTS_DIR; };
		4F84D6841CCFEB3E001B982A /* treshappUITests.swift */ = {isa = PBXFileReference; lastKnownFileType = sourcecode.swift; path = treshappUITests.swift; sourceTree = "<group>"; };
		4F84D6861CCFEB3E001B982A /* Info.plist */ = {isa = PBXFileReference; lastKnownFileType = text.plist.xml; path = Info.plist; sourceTree = "<group>"; };
/* End PBXFileReference section */

/* Begin PBXFrameworksBuildPhase section */
		4F84D65E1CCFEB3E001B982A /* Frameworks */ = {
			isa = PBXFrameworksBuildPhase;
			buildActionMask = 2147483647;
			files = (
				4F7567131CF4D39D0087F7B3 /* CocoaAsyncSocket.framework in Frameworks */,
				4F7567141CF4D39D0087F7B3 /* CocoaMQTT.framework in Frameworks */,
				4F7567151CF4D39D0087F7B3 /* MSWeakTimer.framework in Frameworks */,
				4F51D7151CD122CF006FC08C /* Alamofire.framework in Frameworks */,
			);
			runOnlyForDeploymentPostprocessing = 0;
		};
		4F84D6721CCFEB3E001B982A /* Frameworks */ = {
			isa = PBXFrameworksBuildPhase;
			buildActionMask = 2147483647;
			files = (
			);
			runOnlyForDeploymentPostprocessing = 0;
		};
		4F84D67D1CCFEB3E001B982A /* Frameworks */ = {
			isa = PBXFrameworksBuildPhase;
			buildActionMask = 2147483647;
			files = (
			);
			runOnlyForDeploymentPostprocessing = 0;
		};
/* End PBXFrameworksBuildPhase section */

/* Begin PBXGroup section */
		4F84D6581CCFEB3E001B982A = {
			isa = PBXGroup;
			children = (
				4F7567101CF4D39D0087F7B3 /* CocoaAsyncSocket.framework */,
				4F7567111CF4D39D0087F7B3 /* CocoaMQTT.framework */,
				4F7567121CF4D39D0087F7B3 /* MSWeakTimer.framework */,
				4F51D7141CD122CF006FC08C /* Alamofire.framework */,
				4F84D6631CCFEB3E001B982A /* treshapp */,
				4F84D6781CCFEB3E001B982A /* treshappTests */,
				4F84D6831CCFEB3E001B982A /* treshappUITests */,
				4F84D6621CCFEB3E001B982A /* Products */,
			);
			sourceTree = "<group>";
		};
		4F84D6621CCFEB3E001B982A /* Products */ = {
			isa = PBXGroup;
			children = (
				4F84D6611CCFEB3E001B982A /* treshapp.app */,
				4F84D6751CCFEB3E001B982A /* treshappTests.xctest */,
				4F84D6801CCFEB3E001B982A /* treshappUITests.xctest */,
			);
			name = Products;
			sourceTree = "<group>";
		};
		4F84D6631CCFEB3E001B982A /* treshapp */ = {
			isa = PBXGroup;
			children = (
				4F84D6641CCFEB3E001B982A /* AppDelegate.swift */,
				4F84D6661CCFEB3E001B982A /* SensorListController.swift */,
				4F84D6681CCFEB3E001B982A /* Main.storyboard */,
				4F84D66B1CCFEB3E001B982A /* Assets.xcassets */,
				4F84D66D1CCFEB3E001B982A /* LaunchScreen.storyboard */,
				4F84D6701CCFEB3E001B982A /* Info.plist */,
				4F3B939A1CFE1E4F000C1126 /* SensorController.swift */,
			);
			path = treshapp;
			sourceTree = "<group>";
		};
		4F84D6781CCFEB3E001B982A /* treshappTests */ = {
			isa = PBXGroup;
			children = (
				4F84D6791CCFEB3E001B982A /* treshappTests.swift */,
				4F84D67B1CCFEB3E001B982A /* Info.plist */,
			);
			path = treshappTests;
			sourceTree = "<group>";
		};
		4F84D6831CCFEB3E001B982A /* treshappUITests */ = {
			isa = PBXGroup;
			children = (
				4F84D6841CCFEB3E001B982A /* treshappUITests.swift */,
				4F84D6861CCFEB3E001B982A /* Info.plist */,
			);
			path = treshappUITests;
			sourceTree = "<group>";
		};
/* End PBXGroup section */

/* Begin PBXNativeTarget section */
		4F84D6601CCFEB3E001B982A /* treshapp */ = {
			isa = PBXNativeTarget;
			buildConfigurationList = 4F84D6891CCFEB3E001B982A /* Build configuration list for PBXNativeTarget "treshapp" */;
			buildPhases = (
				4F84D65D1CCFEB3E001B982A /* Sources */,
				4F84D65E1CCFEB3E001B982A /* Frameworks */,
				4F84D65F1CCFEB3E001B982A /* Resources */,
				4F84D6991CCFF49E001B982A /* Embed Frameworks */,
				4F7567161CF4D6370087F7B3 /* Run Script */,
			);
			buildRules = (
			);
			dependencies = (
			);
			name = treshapp;
			productName = treshapp;
			productReference = 4F84D6611CCFEB3E001B982A /* treshapp.app */;
			productType = "com.apple.product-type.application";
		};
		4F84D6741CCFEB3E001B982A /* treshappTests */ = {
			isa = PBXNativeTarget;
			buildConfigurationList = 4F84D68C1CCFEB3E001B982A /* Build configuration list for PBXNativeTarget "treshappTests" */;
			buildPhases = (
				4F84D6711CCFEB3E001B982A /* Sources */,
				4F84D6721CCFEB3E001B982A /* Frameworks */,
				4F84D6731CCFEB3E001B982A /* Resources */,
			);
			buildRules = (
			);
			dependencies = (
				4F84D6771CCFEB3E001B982A /* PBXTargetDependency */,
			);
			name = treshappTests;
			productName = treshappTests;
			productReference = 4F84D6751CCFEB3E001B982A /* treshappTests.xctest */;
			productType = "com.apple.product-type.bundle.unit-test";
		};
		4F84D67F1CCFEB3E001B982A /* treshappUITests */ = {
			isa = PBXNativeTarget;
			buildConfigurationList = 4F84D68F1CCFEB3E001B982A /* Build configuration list for PBXNativeTarget "treshappUITests" */;
			buildPhases = (
				4F84D67C1CCFEB3E001B982A /* Sources */,
				4F84D67D1CCFEB3E001B982A /* Frameworks */,
				4F84D67E1CCFEB3E001B982A /* Resources */,
			);
			buildRules = (
			);
			dependencies = (
				4F84D6821CCFEB3E001B982A /* PBXTargetDependency */,
			);
			name = treshappUITests;
			productName = treshappUITests;
			productReference = 4F84D6801CCFEB3E001B982A /* treshappUITests.xctest */;
			productType = "com.apple.product-type.bundle.ui-testing";
		};
/* End PBXNativeTarget section */

/* Begin PBXProject section */
		4F84D6591CCFEB3E001B982A /* Project object */ = {
			isa = PBXProject;
			attributes = {
				LastSwiftUpdateCheck = 0730;
				LastUpgradeCheck = 0730;
				ORGANIZATIONNAME = BFH;
				TargetAttributes = {
					4F84D6601CCFEB3E001B982A = {
						CreatedOnToolsVersion = 7.3;
						DevelopmentTeam = SSNT9HHVF3;
					};
					4F84D6741CCFEB3E001B982A = {
						CreatedOnToolsVersion = 7.3;
						DevelopmentTeam = SSNT9HHVF3;
						TestTargetID = 4F84D6601CCFEB3E001B982A;
					};
					4F84D67F1CCFEB3E001B982A = {
						CreatedOnToolsVersion = 7.3;
						DevelopmentTeam = SSNT9HHVF3;
						TestTargetID = 4F84D6601CCFEB3E001B982A;
					};
				};
			};
			buildConfigurationList = 4F84D65C1CCFEB3E001B982A /* Build configuration list for PBXProject "treshapp" */;
			compatibilityVersion = "Xcode 3.2";
			developmentRegion = English;
			hasScannedForEncodings = 0;
			knownRegions = (
				en,
				Base,
			);
			mainGroup = 4F84D6581CCFEB3E001B982A;
			productRefGroup = 4F84D6621CCFEB3E001B982A /* Products */;
			projectDirPath = "";
			projectRoot = "";
			targets = (
				4F84D6601CCFEB3E001B982A /* treshapp */,
				4F84D6741CCFEB3E001B982A /* treshappTests */,
				4F84D67F1CCFEB3E001B982A /* treshappUITests */,
			);
		};
/* End PBXProject section */

/* Begin PBXResourcesBuildPhase section */
		4F84D65F1CCFEB3E001B982A /* Resources */ = {
			isa = PBXResourcesBuildPhase;
			buildActionMask = 2147483647;
			files = (
				4F84D66F1CCFEB3E001B982A /* LaunchScreen.storyboard in Resources */,
				4F84D66C1CCFEB3E001B982A /* Assets.xcassets in Resources */,
				4F84D66A1CCFEB3E001B982A /* Main.storyboard in Resources */,
			);
			runOnlyForDeploymentPostprocessing = 0;
		};
		4F84D6731CCFEB3E001B982A /* Resources */ = {
			isa = PBXResourcesBuildPhase;
			buildActionMask = 2147483647;
			files = (
			);
			runOnlyForDeploymentPostprocessing = 0;
		};
		4F84D67E1CCFEB3E001B982A /* Resources */ = {
			isa = PBXResourcesBuildPhase;
			buildActionMask = 2147483647;
			files = (
			);
			runOnlyForDeploymentPostprocessing = 0;
		};
/* End PBXResourcesBuildPhase section */

/* Begin PBXShellScriptBuildPhase section */
		4F7567161CF4D6370087F7B3 /* Run Script */ = {
			isa = PBXShellScriptBuildPhase;
			buildActionMask = 2147483647;
			files = (
			);
			inputPaths = (
				"$(SRCROOT)/Carthage/Build/iOS/CocoaMQTT.framework",
			);
			name = "Run Script";
			outputPaths = (
			);
			runOnlyForDeploymentPostprocessing = 0;
			shellPath = /bin/sh;
			shellScript = "/usr/local/bin/carthage copy-frameworks";
		};
/* End PBXShellScriptBuildPhase section */

/* Begin PBXSourcesBuildPhase section */
		4F84D65D1CCFEB3E001B982A /* Sources */ = {
			isa = PBXSourcesBuildPhase;
			buildActionMask = 2147483647;
			files = (
				4F84D6671CCFEB3E001B982A /* SensorListController.swift in Sources */,
				4F84D6651CCFEB3E001B982A /* AppDelegate.swift in Sources */,
				4F3B939B1CFE1E4F000C1126 /* SensorController.swift in Sources */,
			);
			runOnlyForDeploymentPostprocessing = 0;
		};
		4F84D6711CCFEB3E001B982A /* Sources */ = {
			isa = PBXSourcesBuildPhase;
			buildActionMask = 2147483647;
			files = (
				4F84D67A1CCFEB3E001B982A /* treshappTests.swift in Sources */,
			);
			runOnlyForDeploymentPostprocessing = 0;
		};
		4F84D67C1CCFEB3E001B982A /* Sources */ = {
			isa = PBXSourcesBuildPhase;
			buildActionMask = 2147483647;
			files = (
				4F84D6851CCFEB3E001B982A /* treshappUITests.swift in Sources */,
			);
			runOnlyForDeploymentPostprocessing = 0;
		};
/* End PBXSourcesBuildPhase section */

/* Begin PBXTargetDependency section */
		4F84D6771CCFEB3E001B982A /* PBXTargetDependency */ = {
			isa = PBXTargetDependency;
			target = 4F84D6601CCFEB3E001B982A /* treshapp */;
			targetProxy = 4F84D6761CCFEB3E001B982A /* PBXContainerItemProxy */;
		};
		4F84D6821CCFEB3E001B982A /* PBXTargetDependency */ = {
			isa = PBXTargetDependency;
			target = 4F84D6601CCFEB3E001B982A /* treshapp */;
			targetProxy = 4F84D6811CCFEB3E001B982A /* PBXContainerItemProxy */;
		};
/* End PBXTargetDependency section */

/* Begin PBXVariantGroup section */
		4F84D6681CCFEB3E001B982A /* Main.storyboard */ = {
			isa = PBXVariantGroup;
			children = (
				4F84D6691CCFEB3E001B982A /* Base */,
			);
			name = Main.storyboard;
			sourceTree = "<group>";
		};
		4F84D66D1CCFEB3E001B982A /* LaunchScreen.storyboard */ = {
			isa = PBXVariantGroup;
			children = (
				4F84D66E1CCFEB3E001B982A /* Base */,
			);
			name = LaunchScreen.storyboard;
			sourceTree = "<group>";
		};
/* End PBXVariantGroup section */

/* Begin XCBuildConfiguration section */
		4F84D6871CCFEB3E001B982A /* Debug */ = {
			isa = XCBuildConfiguration;
			buildSettings = {
				ALWAYS_SEARCH_USER_PATHS = NO;
				CLANG_ANALYZER_NONNULL = YES;
				CLANG_CXX_LANGUAGE_STANDARD = "gnu++0x";
				CLANG_CXX_LIBRARY = "libc++";
				CLANG_ENABLE_MODULES = YES;
				CLANG_ENABLE_OBJC_ARC = YES;
				CLANG_WARN_BOOL_CONVERSION = YES;
				CLANG_WARN_CONSTANT_CONVERSION = YES;
				CLANG_WARN_DIRECT_OBJC_ISA_USAGE = YES_ERROR;
				CLANG_WARN_EMPTY_BODY = YES;
				CLANG_WARN_ENUM_CONVERSION = YES;
				CLANG_WARN_INT_CONVERSION = YES;
				CLANG_WARN_OBJC_ROOT_CLASS = YES_ERROR;
				CLANG_WARN_UNREACHABLE_CODE = YES;
				CLANG_WARN__DUPLICATE_METHOD_MATCH = YES;
				"CODE_SIGN_IDENTITY[sdk=iphoneos*]" = "iPhone Developer";
				COPY_PHASE_STRIP = NO;
				DEBUG_INFORMATION_FORMAT = dwarf;
				ENABLE_STRICT_OBJC_MSGSEND = YES;
				ENABLE_TESTABILITY = YES;
				GCC_C_LANGUAGE_STANDARD = gnu99;
				GCC_DYNAMIC_NO_PIC = NO;
				GCC_NO_COMMON_BLOCKS = YES;
				GCC_OPTIMIZATION_LEVEL = 0;
				GCC_PREPROCESSOR_DEFINITIONS = (
					"DEBUG=1",
					"$(inherited)",
				);
				GCC_WARN_64_TO_32_BIT_CONVERSION = YES;
				GCC_WARN_ABOUT_RETURN_TYPE = YES_ERROR;
				GCC_WARN_UNDECLARED_SELECTOR = YES;
				GCC_WARN_UNINITIALIZED_AUTOS = YES_AGGRESSIVE;
				GCC_WARN_UNUSED_FUNCTION = YES;
				GCC_WARN_UNUSED_VARIABLE = YES;
				IPHONEOS_DEPLOYMENT_TARGET = 9.3;
				MTL_ENABLE_DEBUG_INFO = YES;
				ONLY_ACTIVE_ARCH = YES;
				SDKROOT = iphoneos;
				SWIFT_OPTIMIZATION_LEVEL = "-Onone";
			};
			name = Debug;
		};
		4F84D6881CCFEB3E001B982A /* Release */ = {
			isa = XCBuildConfiguration;
			buildSettings = {
				ALWAYS_SEARCH_USER_PATHS = NO;
				CLANG_ANALYZER_NONNULL = YES;
				CLANG_CXX_LANGUAGE_STANDARD = "gnu++0x";
				CLANG_CXX_LIBRARY = "libc++";
				CLANG_ENABLE_MODULES = YES;
				CLANG_ENABLE_OBJC_ARC = YES;
				CLANG_WARN_BOOL_CONVERSION = YES;
				CLANG_WARN_CONSTANT_CONVERSION = YES;
				CLANG_WARN_DIRECT_OBJC_ISA_USAGE = YES_ERROR;
				CLANG_WARN_EMPTY_BODY = YES;
				CLANG_WARN_ENUM_CONVERSION = YES;
				CLANG_WARN_INT_CONVERSION = YES;
				CLANG_WARN_OBJC_ROOT_CLASS = YES_ERROR;
				CLANG_WARN_UNREACHABLE_CODE = YES;
				CLANG_WARN__DUPLICATE_METHOD_MATCH = YES;
				"CODE_SIGN_IDENTITY[sdk=iphoneos*]" = "iPhone Developer";
				COPY_PHASE_STRIP = NO;
				DEBUG_INFORMATION_FORMAT = "dwarf-with-dsym";
				ENABLE_NS_ASSERTIONS = NO;
				ENABLE_STRICT_OBJC_MSGSEND = YES;
				GCC_C_LANGUAGE_STANDARD = gnu99;
				GCC_NO_COMMON_BLOCKS = YES;
				GCC_WARN_64_TO_32_BIT_CONVERSION = YES;
				GCC_WARN_ABOUT_RETURN_TYPE = YES_ERROR;
				GCC_WARN_UNDECLARED_SELECTOR = YES;
				GCC_WARN_UNINITIALIZED_AUTOS = YES_AGGRESSIVE;
				GCC_WARN_UNUSED_FUNCTION = YES;
				GCC_WARN_UNUSED_VARIABLE = YES;
				IPHONEOS_DEPLOYMENT_TARGET = 9.3;
				MTL_ENABLE_DEBUG_INFO = NO;
				SDKROOT = iphoneos;
				VALIDATE_PRODUCT = YES;
			};
			name = Release;
		};
		4F84D68A1CCFEB3E001B982A /* Debug */ = {
			isa = XCBuildConfiguration;
			buildSettings = {
				ASSETCATALOG_COMPILER_APPICON_NAME = AppIcon;
				CODE_SIGN_IDENTITY = "iPhone Developer";
				"CODE_SIGN_IDENTITY[sdk=iphoneos*]" = "iPhone Developer";
				FRAMEWORK_SEARCH_PATHS = (
					"$(inherited)",
					"$(PROJECT_DIR)/Carthage/Build/iOS",
				);
				INFOPLIST_FILE = treshapp/Info.plist;
				LD_RUNPATH_SEARCH_PATHS = "$(inherited) @executable_path/Frameworks";
				PRODUCT_BUNDLE_IDENTIFIER = ch.bfh.treshapp;
				PRODUCT_NAME = "$(TARGET_NAME)";
				PROVISIONING_PROFILE = "";
			};
			name = Debug;
		};
		4F84D68B1CCFEB3E001B982A /* Release */ = {
			isa = XCBuildConfiguration;
			buildSettings = {
				ASSETCATALOG_COMPILER_APPICON_NAME = AppIcon;
				CODE_SIGN_IDENTITY = "iPhone Developer";
				"CODE_SIGN_IDENTITY[sdk=iphoneos*]" = "iPhone Developer";
				FRAMEWORK_SEARCH_PATHS = (
					"$(inherited)",
					"$(PROJECT_DIR)/Carthage/Build/iOS",
				);
				INFOPLIST_FILE = treshapp/Info.plist;
				LD_RUNPATH_SEARCH_PATHS = "$(inherited) @executable_path/Frameworks";
				PRODUCT_BUNDLE_IDENTIFIER = ch.bfh.treshapp;
				PRODUCT_NAME = "$(TARGET_NAME)";
				PROVISIONING_PROFILE = "";
			};
			name = Release;
		};
		4F84D68D1CCFEB3E001B982A /* Debug */ = {
			isa = XCBuildConfiguration;
			buildSettings = {
				BUNDLE_LOADER = "$(TEST_HOST)";
				INFOPLIST_FILE = treshappTests/Info.plist;
				LD_RUNPATH_SEARCH_PATHS = "$(inherited) @executable_path/Frameworks @loader_path/Frameworks";
				PRODUCT_BUNDLE_IDENTIFIER = ch.bfh.treshappTests;
				PRODUCT_NAME = "$(TARGET_NAME)";
				TEST_HOST = "$(BUILT_PRODUCTS_DIR)/treshapp.app/treshapp";
			};
			name = Debug;
		};
		4F84D68E1CCFEB3E001B982A /* Release */ = {
			isa = XCBuildConfiguration;
			buildSettings = {
				BUNDLE_LOADER = "$(TEST_HOST)";
				INFOPLIST_FILE = treshappTests/Info.plist;
				LD_RUNPATH_SEARCH_PATHS = "$(inherited) @executable_path/Frameworks @loader_path/Frameworks";
				PRODUCT_BUNDLE_IDENTIFIER = ch.bfh.treshappTests;
				PRODUCT_NAME = "$(TARGET_NAME)";
				TEST_HOST = "$(BUILT_PRODUCTS_DIR)/treshapp.app/treshapp";
			};
			name = Release;
		};
		4F84D6901CCFEB3E001B982A /* Debug */ = {
			isa = XCBuildConfiguration;
			buildSettings = {
				INFOPLIST_FILE = treshappUITests/Info.plist;
				LD_RUNPATH_SEARCH_PATHS = "$(inherited) @executable_path/Frameworks @loader_path/Frameworks";
				PRODUCT_BUNDLE_IDENTIFIER = ch.bfh.treshappUITests;
				PRODUCT_NAME = "$(TARGET_NAME)";
				TEST_TARGET_NAME = treshapp;
			};
			name = Debug;
		};
		4F84D6911CCFEB3E001B982A /* Release */ = {
			isa = XCBuildConfiguration;
			buildSettings = {
				INFOPLIST_FILE = treshappUITests/Info.plist;
				LD_RUNPATH_SEARCH_PATHS = "$(inherited) @executable_path/Frameworks @loader_path/Frameworks";
				PRODUCT_BUNDLE_IDENTIFIER = ch.bfh.treshappUITests;
				PRODUCT_NAME = "$(TARGET_NAME)";
				TEST_TARGET_NAME = treshapp;
			};
			name = Release;
		};
/* End XCBuildConfiguration section */

/* Begin XCConfigurationList section */
		4F84D65C1CCFEB3E001B982A /* Build configuration list for PBXProject "treshapp" */ = {
			isa = XCConfigurationList;
			buildConfigurations = (
				4F84D6871CCFEB3E001B982A /* Debug */,
				4F84D6881CCFEB3E001B982A /* Release */,
			);
			defaultConfigurationIsVisible = 0;
			defaultConfigurationName = Release;
		};
		4F84D6891CCFEB3E001B982A /* Build configuration list for PBXNativeTarget "treshapp" */ = {
			isa = XCConfigurationList;
			buildConfigurations = (
				4F84D68A1CCFEB3E001B982A /* Debug */,
				4F84D68B1CCFEB3E001B982A /* Release */,
			);
			defaultConfigurationIsVisible = 0;
			defaultConfigurationName = Release;
		};
		4F84D68C1CCFEB3E001B982A /* Build configuration list for PBXNativeTarget "treshappTests" */ = {
			isa = XCConfigurationList;
			buildConfigurations = (
				4F84D68D1CCFEB3E001B982A /* Debug */,
				4F84D68E1CCFEB3E001B982A /* Release */,
			);
			defaultConfigurationIsVisible = 0;
			defaultConfigurationName = Release;
		};
		4F84D68F1CCFEB3E001B982A /* Build configuration list for PBXNativeTarget "treshappUITests" */ = {
			isa = XCConfigurationList;
			buildConfigurations = (
				4F84D6901CCFEB3E001B982A /* Debug */,
				4F84D6911CCFEB3E001B982A /* Release */,
			);
			defaultConfigurationIsVisible = 0;
			defaultConfigurationName = Release;
		};
/* End XCConfigurationList section */
	};
	rootObject = 4F84D6591CCFEB3E001B982A /* Project object */;
}
